
Microsoft Visual Studio Solution File, Format Version 12.00
# Visual Studio Version 17
VisualStudioVersion = 17.11.35312.102
MinimumVisualStudioVersion = 10.0.40219.1
Project("{FAE04EC0-301F-11D3-BF4B-00C04F79EFBC}") = "MVCWebApp", "MVCWebApp\MVCWebApp.csproj", "{D35A5B85-DD56-4DD9-A3F8-C49A81832E62}"
EndProject
Global
	GlobalSection(SolutionConfigurationPlatforms) = preSolution
		Debug|Any CPU = Debug|Any CPU
		Release|Any CPU = Release|Any CPU
	EndGlobalSection
	GlobalSection(ProjectConfigurationPlatforms) = postSolution
		{D35A5B85-DD56-4DD9-A3F8-C49A81832E62}.Debug|Any CPU.ActiveCfg = Debug|Any CPU
		{D35A5B85-DD56-4DD9-A3F8-C49A81832E62}.Debug|Any CPU.Build.0 = Debug|Any CPU
		{D35A5B85-DD56-4DD9-A3F8-C49A81832E62}.Release|Any CPU.ActiveCfg = Release|Any CPU
		{D35A5B85-DD56-4DD9-A3F8-C49A81832E62}.Release|Any CPU.Build.0 = Release|Any CPU
	EndGlobalSection
	GlobalSection(SolutionProperties) = preSolution
		HideSolutionNode = FALSE
	EndGlobalSection
	GlobalSection(ExtensibilityGlobals) = postSolution
		SolutionGuid = {CFF72D90-8305-4007-9645-0EB19490EE64}
	EndGlobalSection
EndGlobal
